
Microsoft Visual Studio Solution File, Format Version 12.00
# Visual Studio Version 17
VisualStudioVersion = 17.7.34031.279
MinimumVisualStudioVersion = 10.0.40219.1
Project("{FAE04EC0-301F-11D3-BF4B-00C04F79EFBC}") = "lab5rpm", "lab5rpm\lab5rpm.csproj", "{7800643B-3689-4E3B-9DD9-4ACEBCD40C7B}"
EndProject
Global
	GlobalSection(SolutionConfigurationPlatforms) = preSolution
		Debug|Any CPU = Debug|Any CPU
		Release|Any CPU = Release|Any CPU
	EndGlobalSection
	GlobalSection(ProjectConfigurationPlatforms) = postSolution
		{7800643B-3689-4E3B-9DD9-4ACEBCD40C7B}.Debug|Any CPU.ActiveCfg = Debug|Any CPU
		{7800643B-3689-4E3B-9DD9-4ACEBCD40C7B}.Debug|Any CPU.Build.0 = Debug|Any CPU
		{7800643B-3689-4E3B-9DD9-4ACEBCD40C7B}.Release|Any CPU.ActiveCfg = Release|Any CPU
		{7800643B-3689-4E3B-9DD9-4ACEBCD40C7B}.Release|Any CPU.Build.0 = Release|Any CPU
	EndGlobalSection
	GlobalSection(SolutionProperties) = preSolution
		HideSolutionNode = FALSE
	EndGlobalSection
	GlobalSection(ExtensibilityGlobals) = postSolution
		SolutionGuid = {8737ADFA-293F-480F-A12A-A370ED0C9680}
	EndGlobalSection
EndGlobal
